// !$*UTF8*$!
{
	archiveVersion = 1;
	classes = {
	};
	objectVersion = 52;
	objects = {

/* Begin PBXBuildFile section */
		0224B56924CBB37A0062E43F /* PaletteColour.swift in Sources */ = {isa = PBXBuildFile; fileRef = 0224B56824CBB37A0062E43F /* PaletteColour.swift */; };
		0224B56B24CBB7130062E43F /* LoquyListView.swift in Sources */ = {isa = PBXBuildFile; fileRef = 0224B56A24CBB7130062E43F /* LoquyListView.swift */; };
		0224B56D24CBB8F90062E43F /* AudioClipsView.swift in Sources */ = {isa = PBXBuildFile; fileRef = 0224B56C24CBB8F90062E43F /* AudioClipsView.swift */; };
		0224B56F24CBC1C30062E43F /* RSSFeed.swift in Sources */ = {isa = PBXBuildFile; fileRef = 0224B56E24CBC1C30062E43F /* RSSFeed.swift */; };
		0224B57124CBC2CB0062E43F /* MakeStrings+exts.swift in Sources */ = {isa = PBXBuildFile; fileRef = 0224B57024CBC2CB0062E43F /* MakeStrings+exts.swift */; };
		0226FCCA24D2300300B5B03A /* Loquy.swift in Sources */ = {isa = PBXBuildFile; fileRef = 0226FCC924D2300300B5B03A /* Loquy.swift */; };
		02272D7224C7A10A007548C3 /* MultilineTextField.swift in Sources */ = {isa = PBXBuildFile; fileRef = 02272D7124C7A10A007548C3 /* MultilineTextField.swift */; };
		02272D7524C91E5F007548C3 /* LabelViews.swift in Sources */ = {isa = PBXBuildFile; fileRef = 02272D7424C91E5F007548C3 /* LabelViews.swift */; };
		02272D7724C91EF5007548C3 /* TopPodcastsView.swift in Sources */ = {isa = PBXBuildFile; fileRef = 02272D7624C91EF5007548C3 /* TopPodcastsView.swift */; };
		02272D7924C91FF7007548C3 /* ListenToView.swift in Sources */ = {isa = PBXBuildFile; fileRef = 02272D7824C91FF7007548C3 /* ListenToView.swift */; };
		02272D7C24C928BA007548C3 /* FeaturedView.swift in Sources */ = {isa = PBXBuildFile; fileRef = 02272D7B24C928BA007548C3 /* FeaturedView.swift */; };
		02272D7F24C9FA69007548C3 /* ImageLoader.swift in Sources */ = {isa = PBXBuildFile; fileRef = 02272D7E24C9FA69007548C3 /* ImageLoader.swift */; };
		02272D8124C9FBF4007548C3 /* RemoteImage.swift in Sources */ = {isa = PBXBuildFile; fileRef = 02272D8024C9FBF4007548C3 /* RemoteImage.swift */; };
		02272D8324CA3CD6007548C3 /* Episode.swift in Sources */ = {isa = PBXBuildFile; fileRef = 02272D8224CA3CD6007548C3 /* Episode.swift */; };
		02272D8524CA82EB007548C3 /* MoreCastsView.swift in Sources */ = {isa = PBXBuildFile; fileRef = 02272D8424CA82EB007548C3 /* MoreCastsView.swift */; };
		02312056264D7C5E00A17E4B /* ShareView.swift in Sources */ = {isa = PBXBuildFile; fileRef = 02312055264D7C5E00A17E4B /* ShareView.swift */; };
		0247E428251D421300E14DEB /* DataPersistence in Frameworks */ = {isa = PBXBuildFile; productRef = 0247E427251D421300E14DEB /* DataPersistence */; };
		0247E42E251D488A00E14DEB /* Persistence.swift in Sources */ = {isa = PBXBuildFile; fileRef = 0247E42D251D488A00E14DEB /* Persistence.swift */; };
		0247E432251E582000E14DEB /* NeoViews.swift in Sources */ = {isa = PBXBuildFile; fileRef = 0247E431251E582000E14DEB /* NeoViews.swift */; };
		0247E43A251FDEF100E14DEB /* SaveLoquyAlertView.swift in Sources */ = {isa = PBXBuildFile; fileRef = 0247E439251FDEF100E14DEB /* SaveLoquyAlertView.swift */; };
		0247E44F2520161600E14DEB /* CardPageView.swift in Sources */ = {isa = PBXBuildFile; fileRef = 0247E44E2520161500E14DEB /* CardPageView.swift */; };
		024F0D78250D758D002B4A5F /* PodcastPosterView.swift in Sources */ = {isa = PBXBuildFile; fileRef = 024F0D77250D758D002B4A5F /* PodcastPosterView.swift */; };
		027094722502F39F009E0BF5 /* Player.swift in Sources */ = {isa = PBXBuildFile; fileRef = 027094712502F39E009E0BF5 /* Player.swift */; };
		0270947525030720009E0BF5 /* FavoritesViewController.swift in Sources */ = {isa = PBXBuildFile; fileRef = 0270947425030720009E0BF5 /* FavoritesViewController.swift */; };
		0270947725030889009E0BF5 /* PodcastCell.swift in Sources */ = {isa = PBXBuildFile; fileRef = 0270947625030889009E0BF5 /* PodcastCell.swift */; };
		0270947A25030A3D009E0BF5 /* Kingfisher in Frameworks */ = {isa = PBXBuildFile; productRef = 0270947925030A3D009E0BF5 /* Kingfisher */; };
		0270947C25031152009E0BF5 /* FavoritesVCWrapper.swift in Sources */ = {isa = PBXBuildFile; fileRef = 0270947B25031152009E0BF5 /* FavoritesVCWrapper.swift */; };
		0270947E250403F9009E0BF5 /* UserDefaults.swift in Sources */ = {isa = PBXBuildFile; fileRef = 0270947D250403F9009E0BF5 /* UserDefaults.swift */; };
		0270948025054A75009E0BF5 /* AudioTrim.swift in Sources */ = {isa = PBXBuildFile; fileRef = 0270947F25054A75009E0BF5 /* AudioTrim.swift */; };
		0270948225058952009E0BF5 /* TimeStampAlertView.swift in Sources */ = {isa = PBXBuildFile; fileRef = 0270948125058952009E0BF5 /* TimeStampAlertView.swift */; };
		027094842505AF2D009E0BF5 /* TimeStamp.swift in Sources */ = {isa = PBXBuildFile; fileRef = 027094832505AF2D009E0BF5 /* TimeStamp.swift */; };
		027094882506ADB5009E0BF5 /* EpisodeTimesView.swift in Sources */ = {isa = PBXBuildFile; fileRef = 027094872506ADB5009E0BF5 /* EpisodeTimesView.swift */; };
		0270948A2506AE36009E0BF5 /* DescriptionView.swift in Sources */ = {isa = PBXBuildFile; fileRef = 027094892506AE36009E0BF5 /* DescriptionView.swift */; };
		0270948C2506AE73009E0BF5 /* FavoriteView.swift in Sources */ = {isa = PBXBuildFile; fileRef = 0270948B2506AE73009E0BF5 /* FavoriteView.swift */; };
		0285E4EC2699086B005B863A /* DeepLinkViewModel.swift in Sources */ = {isa = PBXBuildFile; fileRef = 0285E4EB2699086B005B863A /* DeepLinkViewModel.swift */; };
		0294B3662514365A0099EC54 /* CustomPicker.swift in Sources */ = {isa = PBXBuildFile; fileRef = 0294B3652514365A0099EC54 /* CustomPicker.swift */; };
		029955C624F32C0E00479318 /* CMTime.swift in Sources */ = {isa = PBXBuildFile; fileRef = 029955C524F32C0E00479318 /* CMTime.swift */; };
		029955C824F339D200479318 /* ControlView.swift in Sources */ = {isa = PBXBuildFile; fileRef = 029955C724F339D100479318 /* ControlView.swift */; };
		029AE2F1267ECBA30022F813 /* TranscriptionViewModel.swift in Sources */ = {isa = PBXBuildFile; fileRef = 029AE2F0267ECBA30022F813 /* TranscriptionViewModel.swift */; };
		029AE2F3267ECBCC0022F813 /* ControllerViewModel.swift in Sources */ = {isa = PBXBuildFile; fileRef = 029AE2F2267ECBCC0022F813 /* ControllerViewModel.swift */; };
		029AE2F5267FDF0D0022F813 /* CardScrollView.swift in Sources */ = {isa = PBXBuildFile; fileRef = 029AE2F4267FDF0D0022F813 /* CardScrollView.swift */; };
		02A95744267D13610068B1E4 /* GlobalConstants.swift in Sources */ = {isa = PBXBuildFile; fileRef = 02A95743267D13610068B1E4 /* GlobalConstants.swift */; };
		02A966C2267AAE2D003899E0 /* URL+DeepLink.swift in Sources */ = {isa = PBXBuildFile; fileRef = 02A966C1267AAE2D003899E0 /* URL+DeepLink.swift */; };
		02A966C4267C089D003899E0 /* AsyncImage.swift in Sources */ = {isa = PBXBuildFile; fileRef = 02A966C3267C089C003899E0 /* AsyncImage.swift */; };
		02B5688024C4DBB6004D5C6D /* AppDelegate.swift in Sources */ = {isa = PBXBuildFile; fileRef = 02B5687F24C4DBB6004D5C6D /* AppDelegate.swift */; };
		02B5688224C4DBB6004D5C6D /* SceneDelegate.swift in Sources */ = {isa = PBXBuildFile; fileRef = 02B5688124C4DBB6004D5C6D /* SceneDelegate.swift */; };
		02B5688524C4DBB6004D5C6D /* LoquyApp.xcdatamodeld in Sources */ = {isa = PBXBuildFile; fileRef = 02B5688324C4DBB6004D5C6D /* LoquyApp.xcdatamodeld */; };
		02B5688924C4DBBA004D5C6D /* Assets.xcassets in Resources */ = {isa = PBXBuildFile; fileRef = 02B5688824C4DBBA004D5C6D /* Assets.xcassets */; };
		02B5688C24C4DBBA004D5C6D /* Preview Assets.xcassets in Resources */ = {isa = PBXBuildFile; fileRef = 02B5688B24C4DBBA004D5C6D /* Preview Assets.xcassets */; };
		02B5688F24C4DBBA004D5C6D /* LaunchScreen.storyboard in Resources */ = {isa = PBXBuildFile; fileRef = 02B5688D24C4DBBA004D5C6D /* LaunchScreen.storyboard */; };
		02B5689A24C4DBBA004D5C6D /* LoquyAppTests.swift in Sources */ = {isa = PBXBuildFile; fileRef = 02B5689924C4DBBA004D5C6D /* LoquyAppTests.swift */; };
		02B568A824C4DD11004D5C6D /* HomeTabView.swift in Sources */ = {isa = PBXBuildFile; fileRef = 02B568A724C4DD11004D5C6D /* HomeTabView.swift */; };
		02B568AA24C4DD7D004D5C6D /* EpisodesView.swift in Sources */ = {isa = PBXBuildFile; fileRef = 02B568A924C4DD7D004D5C6D /* EpisodesView.swift */; };
		02B568AC24C4DD9D004D5C6D /* TranscribeView.swift in Sources */ = {isa = PBXBuildFile; fileRef = 02B568AB24C4DD9D004D5C6D /* TranscribeView.swift */; };
		02B568AE24C4DF2B004D5C6D /* EpisodeDetailView.swift in Sources */ = {isa = PBXBuildFile; fileRef = 02B568AD24C4DF2B004D5C6D /* EpisodeDetailView.swift */; };
		02B568B124C4E3C9004D5C6D /* DummyPodcast.swift in Sources */ = {isa = PBXBuildFile; fileRef = 02B568B024C4E3C9004D5C6D /* DummyPodcast.swift */; };
		02B568B324C4E413004D5C6D /* SearchBar.swift in Sources */ = {isa = PBXBuildFile; fileRef = 02B568B224C4E413004D5C6D /* SearchBar.swift */; };
		02B568B524C4F02F004D5C6D /* ITunesAPI.swift in Sources */ = {isa = PBXBuildFile; fileRef = 02B568B424C4F02F004D5C6D /* ITunesAPI.swift */; };
		02B568B724C4F299004D5C6D /* Podcast.swift in Sources */ = {isa = PBXBuildFile; fileRef = 02B568B624C4F299004D5C6D /* Podcast.swift */; };
		02B568B924C4FA8D004D5C6D /* ViewModel.swift in Sources */ = {isa = PBXBuildFile; fileRef = 02B568B824C4FA8D004D5C6D /* ViewModel.swift */; };
		02BEAAC12530EEA900572182 /* EmptySavedView.swift in Sources */ = {isa = PBXBuildFile; fileRef = 02BEAAC02530EEA900572182 /* EmptySavedView.swift */; };
		02DE63B9251165DD002B307F /* ClipAlertView.swift in Sources */ = {isa = PBXBuildFile; fileRef = 02DE63B8251165DD002B307F /* ClipAlertView.swift */; };
		02DF72CF25181238006FDC9E /* AudioClip.swift in Sources */ = {isa = PBXBuildFile; fileRef = 02DF72CE25181238006FDC9E /* AudioClip.swift */; };
		02DF72D8251826C6006FDC9E /* Date.swift in Sources */ = {isa = PBXBuildFile; fileRef = 02DF72D7251826C6006FDC9E /* Date.swift */; };
		34E3FD100C39B9909F7E36BC /* Pods_LoquyAppTests.framework in Frameworks */ = {isa = PBXBuildFile; fileRef = 707A137DE2FFDB5C5037FDC7 /* Pods_LoquyAppTests.framework */; };
		5F80F7A04C631CDC2E0F879C /* Pods_LoquyApp.framework in Frameworks */ = {isa = PBXBuildFile; fileRef = 768EDA54066F14F767914D5C /* Pods_LoquyApp.framework */; };
/* End PBXBuildFile section */

/* Begin PBXContainerItemProxy section */
		02B5689624C4DBBA004D5C6D /* PBXContainerItemProxy */ = {
			isa = PBXContainerItemProxy;
			containerPortal = 02B5687424C4DBB6004D5C6D /* Project object */;
			proxyType = 1;
			remoteGlobalIDString = 02B5687B24C4DBB6004D5C6D;
			remoteInfo = LoquyApp;
		};
/* End PBXContainerItemProxy section */

/* Begin PBXFileReference section */
		0224B56824CBB37A0062E43F /* PaletteColour.swift */ = {isa = PBXFileReference; lastKnownFileType = sourcecode.swift; path = PaletteColour.swift; sourceTree = "<group>"; };
		0224B56A24CBB7130062E43F /* LoquyListView.swift */ = {isa = PBXFileReference; lastKnownFileType = sourcecode.swift; path = LoquyListView.swift; sourceTree = "<group>"; };
		0224B56C24CBB8F90062E43F /* AudioClipsView.swift */ = {isa = PBXFileReference; lastKnownFileType = sourcecode.swift; path = AudioClipsView.swift; sourceTree = "<group>"; };
		0224B56E24CBC1C30062E43F /* RSSFeed.swift */ = {isa = PBXFileReference; lastKnownFileType = sourcecode.swift; path = RSSFeed.swift; sourceTree = "<group>"; };
		0224B57024CBC2CB0062E43F /* MakeStrings+exts.swift */ = {isa = PBXFileReference; lastKnownFileType = sourcecode.swift; path = "MakeStrings+exts.swift"; sourceTree = "<group>"; };
		0226FCC924D2300300B5B03A /* Loquy.swift */ = {isa = PBXFileReference; lastKnownFileType = sourcecode.swift; path = Loquy.swift; sourceTree = "<group>"; };
		02272D7124C7A10A007548C3 /* MultilineTextField.swift */ = {isa = PBXFileReference; lastKnownFileType = sourcecode.swift; path = MultilineTextField.swift; sourceTree = "<group>"; };
		02272D7424C91E5F007548C3 /* LabelViews.swift */ = {isa = PBXFileReference; lastKnownFileType = sourcecode.swift; path = LabelViews.swift; sourceTree = "<group>"; };
		02272D7624C91EF5007548C3 /* TopPodcastsView.swift */ = {isa = PBXFileReference; lastKnownFileType = sourcecode.swift; path = TopPodcastsView.swift; sourceTree = "<group>"; };
		02272D7824C91FF7007548C3 /* ListenToView.swift */ = {isa = PBXFileReference; lastKnownFileType = sourcecode.swift; path = ListenToView.swift; sourceTree = "<group>"; };
		02272D7B24C928BA007548C3 /* FeaturedView.swift */ = {isa = PBXFileReference; lastKnownFileType = sourcecode.swift; path = FeaturedView.swift; sourceTree = "<group>"; };
		02272D7E24C9FA69007548C3 /* ImageLoader.swift */ = {isa = PBXFileReference; lastKnownFileType = sourcecode.swift; path = ImageLoader.swift; sourceTree = "<group>"; };
		02272D8024C9FBF4007548C3 /* RemoteImage.swift */ = {isa = PBXFileReference; lastKnownFileType = sourcecode.swift; path = RemoteImage.swift; sourceTree = "<group>"; };
		02272D8224CA3CD6007548C3 /* Episode.swift */ = {isa = PBXFileReference; lastKnownFileType = sourcecode.swift; path = Episode.swift; sourceTree = "<group>"; };
		02272D8424CA82EB007548C3 /* MoreCastsView.swift */ = {isa = PBXFileReference; lastKnownFileType = sourcecode.swift; path = MoreCastsView.swift; sourceTree = "<group>"; };
		02312055264D7C5E00A17E4B /* ShareView.swift */ = {isa = PBXFileReference; lastKnownFileType = sourcecode.swift; path = ShareView.swift; sourceTree = "<group>"; };
		0247E42D251D488A00E14DEB /* Persistence.swift */ = {isa = PBXFileReference; lastKnownFileType = sourcecode.swift; path = Persistence.swift; sourceTree = "<group>"; };
		0247E431251E582000E14DEB /* NeoViews.swift */ = {isa = PBXFileReference; lastKnownFileType = sourcecode.swift; path = NeoViews.swift; sourceTree = "<group>"; };
		0247E439251FDEF100E14DEB /* SaveLoquyAlertView.swift */ = {isa = PBXFileReference; lastKnownFileType = sourcecode.swift; path = SaveLoquyAlertView.swift; sourceTree = "<group>"; };
		0247E44E2520161500E14DEB /* CardPageView.swift */ = {isa = PBXFileReference; lastKnownFileType = sourcecode.swift; path = CardPageView.swift; sourceTree = "<group>"; };
		024F0D77250D758D002B4A5F /* PodcastPosterView.swift */ = {isa = PBXFileReference; lastKnownFileType = sourcecode.swift; path = PodcastPosterView.swift; sourceTree = "<group>"; };
		027094712502F39E009E0BF5 /* Player.swift */ = {isa = PBXFileReference; lastKnownFileType = sourcecode.swift; path = Player.swift; sourceTree = "<group>"; };
		0270947425030720009E0BF5 /* FavoritesViewController.swift */ = {isa = PBXFileReference; lastKnownFileType = sourcecode.swift; path = FavoritesViewController.swift; sourceTree = "<group>"; };
		0270947625030889009E0BF5 /* PodcastCell.swift */ = {isa = PBXFileReference; lastKnownFileType = sourcecode.swift; path = PodcastCell.swift; sourceTree = "<group>"; };
		0270947B25031152009E0BF5 /* FavoritesVCWrapper.swift */ = {isa = PBXFileReference; lastKnownFileType = sourcecode.swift; path = FavoritesVCWrapper.swift; sourceTree = "<group>"; };
		0270947D250403F9009E0BF5 /* UserDefaults.swift */ = {isa = PBXFileReference; lastKnownFileType = sourcecode.swift; path = UserDefaults.swift; sourceTree = "<group>"; };
		0270947F25054A75009E0BF5 /* AudioTrim.swift */ = {isa = PBXFileReference; lastKnownFileType = sourcecode.swift; path = AudioTrim.swift; sourceTree = "<group>"; };
		0270948125058952009E0BF5 /* TimeStampAlertView.swift */ = {isa = PBXFileReference; lastKnownFileType = sourcecode.swift; path = TimeStampAlertView.swift; sourceTree = "<group>"; };
		027094832505AF2D009E0BF5 /* TimeStamp.swift */ = {isa = PBXFileReference; lastKnownFileType = sourcecode.swift; path = TimeStamp.swift; sourceTree = "<group>"; };
		027094872506ADB5009E0BF5 /* EpisodeTimesView.swift */ = {isa = PBXFileReference; lastKnownFileType = sourcecode.swift; path = EpisodeTimesView.swift; sourceTree = "<group>"; };
		027094892506AE36009E0BF5 /* DescriptionView.swift */ = {isa = PBXFileReference; lastKnownFileType = sourcecode.swift; path = DescriptionView.swift; sourceTree = "<group>"; };
		0270948B2506AE73009E0BF5 /* FavoriteView.swift */ = {isa = PBXFileReference; lastKnownFileType = sourcecode.swift; path = FavoriteView.swift; sourceTree = "<group>"; };
		0285E4EB2699086B005B863A /* DeepLinkViewModel.swift */ = {isa = PBXFileReference; lastKnownFileType = sourcecode.swift; path = DeepLinkViewModel.swift; sourceTree = "<group>"; };
		0294B3652514365A0099EC54 /* CustomPicker.swift */ = {isa = PBXFileReference; lastKnownFileType = sourcecode.swift; path = CustomPicker.swift; sourceTree = "<group>"; };
		029955C524F32C0E00479318 /* CMTime.swift */ = {isa = PBXFileReference; lastKnownFileType = sourcecode.swift; path = CMTime.swift; sourceTree = "<group>"; };
		029955C724F339D100479318 /* ControlView.swift */ = {isa = PBXFileReference; lastKnownFileType = sourcecode.swift; path = ControlView.swift; sourceTree = "<group>"; };
		029AE2F0267ECBA30022F813 /* TranscriptionViewModel.swift */ = {isa = PBXFileReference; lastKnownFileType = sourcecode.swift; path = TranscriptionViewModel.swift; sourceTree = "<group>"; };
		029AE2F2267ECBCC0022F813 /* ControllerViewModel.swift */ = {isa = PBXFileReference; lastKnownFileType = sourcecode.swift; path = ControllerViewModel.swift; sourceTree = "<group>"; };
		029AE2F4267FDF0D0022F813 /* CardScrollView.swift */ = {isa = PBXFileReference; lastKnownFileType = sourcecode.swift; path = CardScrollView.swift; sourceTree = "<group>"; };
		02A95743267D13610068B1E4 /* GlobalConstants.swift */ = {isa = PBXFileReference; lastKnownFileType = sourcecode.swift; path = GlobalConstants.swift; sourceTree = "<group>"; };
		02A966C1267AAE2D003899E0 /* URL+DeepLink.swift */ = {isa = PBXFileReference; lastKnownFileType = sourcecode.swift; path = "URL+DeepLink.swift"; sourceTree = "<group>"; };
		02A966C3267C089C003899E0 /* AsyncImage.swift */ = {isa = PBXFileReference; lastKnownFileType = sourcecode.swift; path = AsyncImage.swift; sourceTree = "<group>"; };
		02B5687C24C4DBB6004D5C6D /* LoquyApp.app */ = {isa = PBXFileReference; explicitFileType = wrapper.application; includeInIndex = 0; path = LoquyApp.app; sourceTree = BUILT_PRODUCTS_DIR; };
		02B5687F24C4DBB6004D5C6D /* AppDelegate.swift */ = {isa = PBXFileReference; lastKnownFileType = sourcecode.swift; path = AppDelegate.swift; sourceTree = "<group>"; };
		02B5688124C4DBB6004D5C6D /* SceneDelegate.swift */ = {isa = PBXFileReference; lastKnownFileType = sourcecode.swift; path = SceneDelegate.swift; sourceTree = "<group>"; };
		02B5688424C4DBB6004D5C6D /* LoquyApp.xcdatamodel */ = {isa = PBXFileReference; lastKnownFileType = wrapper.xcdatamodel; path = LoquyApp.xcdatamodel; sourceTree = "<group>"; };
		02B5688824C4DBBA004D5C6D /* Assets.xcassets */ = {isa = PBXFileReference; lastKnownFileType = folder.assetcatalog; path = Assets.xcassets; sourceTree = "<group>"; };
		02B5688B24C4DBBA004D5C6D /* Preview Assets.xcassets */ = {isa = PBXFileReference; lastKnownFileType = folder.assetcatalog; path = "Preview Assets.xcassets"; sourceTree = "<group>"; };
		02B5688E24C4DBBA004D5C6D /* Base */ = {isa = PBXFileReference; lastKnownFileType = file.storyboard; name = Base; path = Base.lproj/LaunchScreen.storyboard; sourceTree = "<group>"; };
		02B5689024C4DBBA004D5C6D /* Info.plist */ = {isa = PBXFileReference; lastKnownFileType = text.plist.xml; path = Info.plist; sourceTree = "<group>"; };
		02B5689524C4DBBA004D5C6D /* LoquyAppTests.xctest */ = {isa = PBXFileReference; explicitFileType = wrapper.cfbundle; includeInIndex = 0; path = LoquyAppTests.xctest; sourceTree = BUILT_PRODUCTS_DIR; };
		02B5689924C4DBBA004D5C6D /* LoquyAppTests.swift */ = {isa = PBXFileReference; lastKnownFileType = sourcecode.swift; path = LoquyAppTests.swift; sourceTree = "<group>"; };
		02B5689B24C4DBBA004D5C6D /* Info.plist */ = {isa = PBXFileReference; lastKnownFileType = text.plist.xml; path = Info.plist; sourceTree = "<group>"; };
		02B568A724C4DD11004D5C6D /* HomeTabView.swift */ = {isa = PBXFileReference; lastKnownFileType = sourcecode.swift; path = HomeTabView.swift; sourceTree = "<group>"; };
		02B568A924C4DD7D004D5C6D /* EpisodesView.swift */ = {isa = PBXFileReference; lastKnownFileType = sourcecode.swift; path = EpisodesView.swift; sourceTree = "<group>"; };
		02B568AB24C4DD9D004D5C6D /* TranscribeView.swift */ = {isa = PBXFileReference; lastKnownFileType = sourcecode.swift; path = TranscribeView.swift; sourceTree = "<group>"; };
		02B568AD24C4DF2B004D5C6D /* EpisodeDetailView.swift */ = {isa = PBXFileReference; lastKnownFileType = sourcecode.swift; path = EpisodeDetailView.swift; sourceTree = "<group>"; };
		02B568B024C4E3C9004D5C6D /* DummyPodcast.swift */ = {isa = PBXFileReference; lastKnownFileType = sourcecode.swift; path = DummyPodcast.swift; sourceTree = "<group>"; };
		02B568B224C4E413004D5C6D /* SearchBar.swift */ = {isa = PBXFileReference; lastKnownFileType = sourcecode.swift; path = SearchBar.swift; sourceTree = "<group>"; };
		02B568B424C4F02F004D5C6D /* ITunesAPI.swift */ = {isa = PBXFileReference; lastKnownFileType = sourcecode.swift; path = ITunesAPI.swift; sourceTree = "<group>"; };
		02B568B624C4F299004D5C6D /* Podcast.swift */ = {isa = PBXFileReference; lastKnownFileType = sourcecode.swift; path = Podcast.swift; sourceTree = "<group>"; };
		02B568B824C4FA8D004D5C6D /* ViewModel.swift */ = {isa = PBXFileReference; lastKnownFileType = sourcecode.swift; path = ViewModel.swift; sourceTree = "<group>"; };
		02BEAAC02530EEA900572182 /* EmptySavedView.swift */ = {isa = PBXFileReference; lastKnownFileType = sourcecode.swift; path = EmptySavedView.swift; sourceTree = "<group>"; };
		02DE63B8251165DD002B307F /* ClipAlertView.swift */ = {isa = PBXFileReference; lastKnownFileType = sourcecode.swift; path = ClipAlertView.swift; sourceTree = "<group>"; };
		02DF72CE25181238006FDC9E /* AudioClip.swift */ = {isa = PBXFileReference; lastKnownFileType = sourcecode.swift; path = AudioClip.swift; sourceTree = "<group>"; };
		02DF72D7251826C6006FDC9E /* Date.swift */ = {isa = PBXFileReference; lastKnownFileType = sourcecode.swift; path = Date.swift; sourceTree = "<group>"; };
		5A1FE38E8B88A97BC59B255E /* Pods-LoquyApp.release.xcconfig */ = {isa = PBXFileReference; includeInIndex = 1; lastKnownFileType = text.xcconfig; name = "Pods-LoquyApp.release.xcconfig"; path = "Target Support Files/Pods-LoquyApp/Pods-LoquyApp.release.xcconfig"; sourceTree = "<group>"; };
		5DBCD5426E03BF62E24E2304 /* Pods-LoquyAppTests.release.xcconfig */ = {isa = PBXFileReference; includeInIndex = 1; lastKnownFileType = text.xcconfig; name = "Pods-LoquyAppTests.release.xcconfig"; path = "Target Support Files/Pods-LoquyAppTests/Pods-LoquyAppTests.release.xcconfig"; sourceTree = "<group>"; };
		707A137DE2FFDB5C5037FDC7 /* Pods_LoquyAppTests.framework */ = {isa = PBXFileReference; explicitFileType = wrapper.framework; includeInIndex = 0; path = Pods_LoquyAppTests.framework; sourceTree = BUILT_PRODUCTS_DIR; };
		768EDA54066F14F767914D5C /* Pods_LoquyApp.framework */ = {isa = PBXFileReference; explicitFileType = wrapper.framework; includeInIndex = 0; path = Pods_LoquyApp.framework; sourceTree = BUILT_PRODUCTS_DIR; };
		B0A995753634E9575B9368FC /* Pods-LoquyAppTests.debug.xcconfig */ = {isa = PBXFileReference; includeInIndex = 1; lastKnownFileType = text.xcconfig; name = "Pods-LoquyAppTests.debug.xcconfig"; path = "Target Support Files/Pods-LoquyAppTests/Pods-LoquyAppTests.debug.xcconfig"; sourceTree = "<group>"; };
		D1229D105F70A75909EFB928 /* Pods-LoquyApp.debug.xcconfig */ = {isa = PBXFileReference; includeInIndex = 1; lastKnownFileType = text.xcconfig; name = "Pods-LoquyApp.debug.xcconfig"; path = "Target Support Files/Pods-LoquyApp/Pods-LoquyApp.debug.xcconfig"; sourceTree = "<group>"; };
/* End PBXFileReference section */

/* Begin PBXFrameworksBuildPhase section */
		02B5687924C4DBB6004D5C6D /* Frameworks */ = {
			isa = PBXFrameworksBuildPhase;
			buildActionMask = 2147483647;
			files = (
				0247E428251D421300E14DEB /* DataPersistence in Frameworks */,
				0270947A25030A3D009E0BF5 /* Kingfisher in Frameworks */,
				5F80F7A04C631CDC2E0F879C /* Pods_LoquyApp.framework in Frameworks */,
			);
			runOnlyForDeploymentPostprocessing = 0;
		};
		02B5689224C4DBBA004D5C6D /* Frameworks */ = {
			isa = PBXFrameworksBuildPhase;
			buildActionMask = 2147483647;
			files = (
				34E3FD100C39B9909F7E36BC /* Pods_LoquyAppTests.framework in Frameworks */,
			);
			runOnlyForDeploymentPostprocessing = 0;
		};
/* End PBXFrameworksBuildPhase section */

/* Begin PBXGroup section */
		01A18247D4334D88D3433EE3 /* Pods */ = {
			isa = PBXGroup;
			children = (
				D1229D105F70A75909EFB928 /* Pods-LoquyApp.debug.xcconfig */,
				5A1FE38E8B88A97BC59B255E /* Pods-LoquyApp.release.xcconfig */,
				B0A995753634E9575B9368FC /* Pods-LoquyAppTests.debug.xcconfig */,
				5DBCD5426E03BF62E24E2304 /* Pods-LoquyAppTests.release.xcconfig */,
			);
			path = Pods;
			sourceTree = "<group>";
		};
		0224B56724CBB3390062E43F /* Extensions */ = {
			isa = PBXGroup;
			children = (
				02A95743267D13610068B1E4 /* GlobalConstants.swift */,
				0224B56824CBB37A0062E43F /* PaletteColour.swift */,
				0224B56E24CBC1C30062E43F /* RSSFeed.swift */,
				0224B57024CBC2CB0062E43F /* MakeStrings+exts.swift */,
				029955C524F32C0E00479318 /* CMTime.swift */,
				0270947D250403F9009E0BF5 /* UserDefaults.swift */,
				02DF72D7251826C6006FDC9E /* Date.swift */,
				02A966C1267AAE2D003899E0 /* URL+DeepLink.swift */,
			);
			path = Extensions;
			sourceTree = "<group>";
		};
		02272D7324C91E0E007548C3 /* Text Fields */ = {
			isa = PBXGroup;
			children = (
				02B568B224C4E413004D5C6D /* SearchBar.swift */,
				02272D7124C7A10A007548C3 /* MultilineTextField.swift */,
			);
			path = "Text Fields";
			sourceTree = "<group>";
		};
		02272D7A24C9225D007548C3 /* Subviews */ = {
			isa = PBXGroup;
			children = (
				027094852506AA85009E0BF5 /* Home Subviews */,
				027094862506AB24009E0BF5 /* Detail Subviews */,
				0247E438251FDEB300E14DEB /* Transcribe Subviews */,
				0270947B25031152009E0BF5 /* FavoritesVCWrapper.swift */,
				02272D7424C91E5F007548C3 /* LabelViews.swift */,
				02272D8024C9FBF4007548C3 /* RemoteImage.swift */,
				024F0D77250D758D002B4A5F /* PodcastPosterView.swift */,
				0247E431251E582000E14DEB /* NeoViews.swift */,
				02312055264D7C5E00A17E4B /* ShareView.swift */,
			);
			path = Subviews;
			sourceTree = "<group>";
		};
		02272D7D24C9FA45007548C3 /* Services */ = {
			isa = PBXGroup;
			children = (
				02B568B824C4FA8D004D5C6D /* ViewModel.swift */,
				0285E4EB2699086B005B863A /* DeepLinkViewModel.swift */,
				029AE2F2267ECBCC0022F813 /* ControllerViewModel.swift */,
				029AE2F0267ECBA30022F813 /* TranscriptionViewModel.swift */,
				02272D7E24C9FA69007548C3 /* ImageLoader.swift */,
				027094712502F39E009E0BF5 /* Player.swift */,
				0270947F25054A75009E0BF5 /* AudioTrim.swift */,
				0247E42D251D488A00E14DEB /* Persistence.swift */,
				02A966C3267C089C003899E0 /* AsyncImage.swift */,
			);
			path = Services;
			sourceTree = "<group>";
		};
		0247E438251FDEB300E14DEB /* Transcribe Subviews */ = {
			isa = PBXGroup;
			children = (
				0247E439251FDEF100E14DEB /* SaveLoquyAlertView.swift */,
				0247E44E2520161500E14DEB /* CardPageView.swift */,
				029AE2F4267FDF0D0022F813 /* CardScrollView.swift */,
			);
			path = "Transcribe Subviews";
			sourceTree = "<group>";
		};
		027094732503065A009E0BF5 /* Controllers+Cells */ = {
			isa = PBXGroup;
			children = (
				0270947425030720009E0BF5 /* FavoritesViewController.swift */,
				0270947625030889009E0BF5 /* PodcastCell.swift */,
			);
			path = "Controllers+Cells";
			sourceTree = "<group>";
		};
		027094852506AA85009E0BF5 /* Home Subviews */ = {
			isa = PBXGroup;
			children = (
				02272D7824C91FF7007548C3 /* ListenToView.swift */,
				02272D7624C91EF5007548C3 /* TopPodcastsView.swift */,
				02272D7B24C928BA007548C3 /* FeaturedView.swift */,
				02272D8424CA82EB007548C3 /* MoreCastsView.swift */,
			);
			path = "Home Subviews";
			sourceTree = "<group>";
		};
		027094862506AB24009E0BF5 /* Detail Subviews */ = {
			isa = PBXGroup;
			children = (
				029955C724F339D100479318 /* ControlView.swift */,
				027094872506ADB5009E0BF5 /* EpisodeTimesView.swift */,
				027094892506AE36009E0BF5 /* DescriptionView.swift */,
				0270948B2506AE73009E0BF5 /* FavoriteView.swift */,
				0270948125058952009E0BF5 /* TimeStampAlertView.swift */,
				02DE63B8251165DD002B307F /* ClipAlertView.swift */,
				0294B3652514365A0099EC54 /* CustomPicker.swift */,
			);
			path = "Detail Subviews";
			sourceTree = "<group>";
		};
		02B5687324C4DBB6004D5C6D = {
			isa = PBXGroup;
			children = (
				02B5687E24C4DBB6004D5C6D /* LoquyApp */,
				02B5689824C4DBBA004D5C6D /* LoquyAppTests */,
				02B5687D24C4DBB6004D5C6D /* Products */,
				01A18247D4334D88D3433EE3 /* Pods */,
				7939BBF42833266CDF7C597D /* Frameworks */,
			);
			sourceTree = "<group>";
		};
		02B5687D24C4DBB6004D5C6D /* Products */ = {
			isa = PBXGroup;
			children = (
				02B5687C24C4DBB6004D5C6D /* LoquyApp.app */,
				02B5689524C4DBBA004D5C6D /* LoquyAppTests.xctest */,
			);
			name = Products;
			sourceTree = "<group>";
		};
		02B5687E24C4DBB6004D5C6D /* LoquyApp */ = {
			isa = PBXGroup;
			children = (
				02B568A524C4DC91004D5C6D /* Views */,
				027094732503065A009E0BF5 /* Controllers+Cells */,
				0224B56724CBB3390062E43F /* Extensions */,
				02272D7D24C9FA45007548C3 /* Services */,
				02B568AF24C4E29C004D5C6D /* Models */,
				02B568A624C4DCA2004D5C6D /* Networking */,
				02B568A424C4DC6B004D5C6D /* Supporting Files */,
				02B5689024C4DBBA004D5C6D /* Info.plist */,
				02B5688324C4DBB6004D5C6D /* LoquyApp.xcdatamodeld */,
				02B5688A24C4DBBA004D5C6D /* Preview Content */,
			);
			path = LoquyApp;
			sourceTree = "<group>";
		};
		02B5688A24C4DBBA004D5C6D /* Preview Content */ = {
			isa = PBXGroup;
			children = (
				02B5688B24C4DBBA004D5C6D /* Preview Assets.xcassets */,
			);
			path = "Preview Content";
			sourceTree = "<group>";
		};
		02B5689824C4DBBA004D5C6D /* LoquyAppTests */ = {
			isa = PBXGroup;
			children = (
				02B5689924C4DBBA004D5C6D /* LoquyAppTests.swift */,
				02B5689B24C4DBBA004D5C6D /* Info.plist */,
			);
			path = LoquyAppTests;
			sourceTree = "<group>";
		};
		02B568A424C4DC6B004D5C6D /* Supporting Files */ = {
			isa = PBXGroup;
			children = (
				02B5687F24C4DBB6004D5C6D /* AppDelegate.swift */,
				02B5688124C4DBB6004D5C6D /* SceneDelegate.swift */,
				02B5688824C4DBBA004D5C6D /* Assets.xcassets */,
				02B5688D24C4DBBA004D5C6D /* LaunchScreen.storyboard */,
			);
			path = "Supporting Files";
			sourceTree = "<group>";
		};
		02B568A524C4DC91004D5C6D /* Views */ = {
			isa = PBXGroup;
			children = (
				02B568A724C4DD11004D5C6D /* HomeTabView.swift */,
				02B568A924C4DD7D004D5C6D /* EpisodesView.swift */,
				02B568AB24C4DD9D004D5C6D /* TranscribeView.swift */,
				02B568AD24C4DF2B004D5C6D /* EpisodeDetailView.swift */,
				0224B56A24CBB7130062E43F /* LoquyListView.swift */,
				0224B56C24CBB8F90062E43F /* AudioClipsView.swift */,
				02BEAAC02530EEA900572182 /* EmptySavedView.swift */,
				02272D7A24C9225D007548C3 /* Subviews */,
				02272D7324C91E0E007548C3 /* Text Fields */,
			);
			path = Views;
			sourceTree = "<group>";
		};
		02B568A624C4DCA2004D5C6D /* Networking */ = {
			isa = PBXGroup;
			children = (
				02B568B424C4F02F004D5C6D /* ITunesAPI.swift */,
			);
			path = Networking;
			sourceTree = "<group>";
		};
		02B568AF24C4E29C004D5C6D /* Models */ = {
			isa = PBXGroup;
			children = (
				02B568B624C4F299004D5C6D /* Podcast.swift */,
				02272D8224CA3CD6007548C3 /* Episode.swift */,
				0226FCC924D2300300B5B03A /* Loquy.swift */,
				027094832505AF2D009E0BF5 /* TimeStamp.swift */,
				02DF72CE25181238006FDC9E /* AudioClip.swift */,
				02B568B024C4E3C9004D5C6D /* DummyPodcast.swift */,
			);
			path = Models;
			sourceTree = "<group>";
		};
		7939BBF42833266CDF7C597D /* Frameworks */ = {
			isa = PBXGroup;
			children = (
				768EDA54066F14F767914D5C /* Pods_LoquyApp.framework */,
				707A137DE2FFDB5C5037FDC7 /* Pods_LoquyAppTests.framework */,
			);
			name = Frameworks;
			sourceTree = "<group>";
		};
/* End PBXGroup section */

/* Begin PBXNativeTarget section */
		02B5687B24C4DBB6004D5C6D /* LoquyApp */ = {
			isa = PBXNativeTarget;
			buildConfigurationList = 02B5689E24C4DBBA004D5C6D /* Build configuration list for PBXNativeTarget "LoquyApp" */;
			buildPhases = (
				B79C6B3AF0B886BC94B97175 /* [CP] Check Pods Manifest.lock */,
				02B5687824C4DBB6004D5C6D /* Sources */,
				02B5687924C4DBB6004D5C6D /* Frameworks */,
				02B5687A24C4DBB6004D5C6D /* Resources */,
				A6F1EF30D48C6174607049A3 /* [CP] Embed Pods Frameworks */,
			);
			buildRules = (
			);
			dependencies = (
			);
			name = LoquyApp;
			packageProductDependencies = (
				0270947925030A3D009E0BF5 /* Kingfisher */,
				0247E427251D421300E14DEB /* DataPersistence */,
			);
			productName = LoquyApp;
			productReference = 02B5687C24C4DBB6004D5C6D /* LoquyApp.app */;
			productType = "com.apple.product-type.application";
		};
		02B5689424C4DBBA004D5C6D /* LoquyAppTests */ = {
			isa = PBXNativeTarget;
			buildConfigurationList = 02B568A124C4DBBA004D5C6D /* Build configuration list for PBXNativeTarget "LoquyAppTests" */;
			buildPhases = (
				AC9D57F2D06C338C8CB86AC5 /* [CP] Check Pods Manifest.lock */,
				02B5689124C4DBBA004D5C6D /* Sources */,
				02B5689224C4DBBA004D5C6D /* Frameworks */,
				02B5689324C4DBBA004D5C6D /* Resources */,
			);
			buildRules = (
			);
			dependencies = (
				02B5689724C4DBBA004D5C6D /* PBXTargetDependency */,
			);
			name = LoquyAppTests;
			productName = LoquyAppTests;
			productReference = 02B5689524C4DBBA004D5C6D /* LoquyAppTests.xctest */;
			productType = "com.apple.product-type.bundle.unit-test";
		};
/* End PBXNativeTarget section */

/* Begin PBXProject section */
		02B5687424C4DBB6004D5C6D /* Project object */ = {
			isa = PBXProject;
			attributes = {
				LastSwiftUpdateCheck = 1160;
				LastUpgradeCheck = 1200;
				ORGANIZATIONNAME = "Kelby Mittan";
				TargetAttributes = {
					02B5687B24C4DBB6004D5C6D = {
						CreatedOnToolsVersion = 11.6;
					};
					02B5689424C4DBBA004D5C6D = {
						CreatedOnToolsVersion = 11.6;
						TestTargetID = 02B5687B24C4DBB6004D5C6D;
					};
				};
			};
			buildConfigurationList = 02B5687724C4DBB6004D5C6D /* Build configuration list for PBXProject "LoquyApp" */;
			compatibilityVersion = "Xcode 9.3";
			developmentRegion = en;
			hasScannedForEncodings = 0;
			knownRegions = (
				en,
				Base,
			);
			mainGroup = 02B5687324C4DBB6004D5C6D;
			packageReferences = (
				0270947825030A3D009E0BF5 /* XCRemoteSwiftPackageReference "Kingfisher" */,
				0247E426251D421300E14DEB /* XCRemoteSwiftPackageReference "DataPersistence" */,
			);
			productRefGroup = 02B5687D24C4DBB6004D5C6D /* Products */;
			projectDirPath = "";
			projectRoot = "";
			targets = (
				02B5687B24C4DBB6004D5C6D /* LoquyApp */,
				02B5689424C4DBBA004D5C6D /* LoquyAppTests */,
			);
		};
/* End PBXProject section */

/* Begin PBXResourcesBuildPhase section */
		02B5687A24C4DBB6004D5C6D /* Resources */ = {
			isa = PBXResourcesBuildPhase;
			buildActionMask = 2147483647;
			files = (
				02B5688F24C4DBBA004D5C6D /* LaunchScreen.storyboard in Resources */,
				02B5688C24C4DBBA004D5C6D /* Preview Assets.xcassets in Resources */,
				02B5688924C4DBBA004D5C6D /* Assets.xcassets in Resources */,
			);
			runOnlyForDeploymentPostprocessing = 0;
		};
		02B5689324C4DBBA004D5C6D /* Resources */ = {
			isa = PBXResourcesBuildPhase;
			buildActionMask = 2147483647;
			files = (
			);
			runOnlyForDeploymentPostprocessing = 0;
		};
/* End PBXResourcesBuildPhase section */

/* Begin PBXShellScriptBuildPhase section */
		A6F1EF30D48C6174607049A3 /* [CP] Embed Pods Frameworks */ = {
			isa = PBXShellScriptBuildPhase;
			buildActionMask = 2147483647;
			files = (
			);
			inputFileListPaths = (
				"${PODS_ROOT}/Target Support Files/Pods-LoquyApp/Pods-LoquyApp-frameworks-${CONFIGURATION}-input-files.xcfilelist",
			);
			name = "[CP] Embed Pods Frameworks";
			outputFileListPaths = (
				"${PODS_ROOT}/Target Support Files/Pods-LoquyApp/Pods-LoquyApp-frameworks-${CONFIGURATION}-output-files.xcfilelist",
			);
			runOnlyForDeploymentPostprocessing = 0;
			shellPath = /bin/sh;
			shellScript = "\"${PODS_ROOT}/Target Support Files/Pods-LoquyApp/Pods-LoquyApp-frameworks.sh\"\n";
			showEnvVarsInLog = 0;
		};
		AC9D57F2D06C338C8CB86AC5 /* [CP] Check Pods Manifest.lock */ = {
			isa = PBXShellScriptBuildPhase;
			buildActionMask = 2147483647;
			files = (
			);
			inputFileListPaths = (
			);
			inputPaths = (
				"${PODS_PODFILE_DIR_PATH}/Podfile.lock",
				"${PODS_ROOT}/Manifest.lock",
			);
			name = "[CP] Check Pods Manifest.lock";
			outputFileListPaths = (
			);
			outputPaths = (
				"$(DERIVED_FILE_DIR)/Pods-LoquyAppTests-checkManifestLockResult.txt",
			);
			runOnlyForDeploymentPostprocessing = 0;
			shellPath = /bin/sh;
			shellScript = "diff \"${PODS_PODFILE_DIR_PATH}/Podfile.lock\" \"${PODS_ROOT}/Manifest.lock\" > /dev/null\nif [ $? != 0 ] ; then\n    # print error to STDERR\n    echo \"error: The sandbox is not in sync with the Podfile.lock. Run 'pod install' or update your CocoaPods installation.\" >&2\n    exit 1\nfi\n# This output is used by Xcode 'outputs' to avoid re-running this script phase.\necho \"SUCCESS\" > \"${SCRIPT_OUTPUT_FILE_0}\"\n";
			showEnvVarsInLog = 0;
		};
		B79C6B3AF0B886BC94B97175 /* [CP] Check Pods Manifest.lock */ = {
			isa = PBXShellScriptBuildPhase;
			buildActionMask = 2147483647;
			files = (
			);
			inputFileListPaths = (
			);
			inputPaths = (
				"${PODS_PODFILE_DIR_PATH}/Podfile.lock",
				"${PODS_ROOT}/Manifest.lock",
			);
			name = "[CP] Check Pods Manifest.lock";
			outputFileListPaths = (
			);
			outputPaths = (
				"$(DERIVED_FILE_DIR)/Pods-LoquyApp-checkManifestLockResult.txt",
			);
			runOnlyForDeploymentPostprocessing = 0;
			shellPath = /bin/sh;
			shellScript = "diff \"${PODS_PODFILE_DIR_PATH}/Podfile.lock\" \"${PODS_ROOT}/Manifest.lock\" > /dev/null\nif [ $? != 0 ] ; then\n    # print error to STDERR\n    echo \"error: The sandbox is not in sync with the Podfile.lock. Run 'pod install' or update your CocoaPods installation.\" >&2\n    exit 1\nfi\n# This output is used by Xcode 'outputs' to avoid re-running this script phase.\necho \"SUCCESS\" > \"${SCRIPT_OUTPUT_FILE_0}\"\n";
			showEnvVarsInLog = 0;
		};
/* End PBXShellScriptBuildPhase section */

/* Begin PBXSourcesBuildPhase section */
		02B5687824C4DBB6004D5C6D /* Sources */ = {
			isa = PBXSourcesBuildPhase;
			buildActionMask = 2147483647;
			files = (
				029AE2F5267FDF0D0022F813 /* CardScrollView.swift in Sources */,
				0224B57124CBC2CB0062E43F /* MakeStrings+exts.swift in Sources */,
				02B568AA24C4DD7D004D5C6D /* EpisodesView.swift in Sources */,
				029AE2F3267ECBCC0022F813 /* ControllerViewModel.swift in Sources */,
				02272D7C24C928BA007548C3 /* FeaturedView.swift in Sources */,
				02B5688024C4DBB6004D5C6D /* AppDelegate.swift in Sources */,
				0224B56F24CBC1C30062E43F /* RSSFeed.swift in Sources */,
				02272D7724C91EF5007548C3 /* TopPodcastsView.swift in Sources */,
				02B568B524C4F02F004D5C6D /* ITunesAPI.swift in Sources */,
				02272D8124C9FBF4007548C3 /* RemoteImage.swift in Sources */,
				0270948C2506AE73009E0BF5 /* FavoriteView.swift in Sources */,
				02B5688224C4DBB6004D5C6D /* SceneDelegate.swift in Sources */,
				02B568AE24C4DF2B004D5C6D /* EpisodeDetailView.swift in Sources */,
				02B568A824C4DD11004D5C6D /* HomeTabView.swift in Sources */,
				0247E432251E582000E14DEB /* NeoViews.swift in Sources */,
				02B568B324C4E413004D5C6D /* SearchBar.swift in Sources */,
				02BEAAC12530EEA900572182 /* EmptySavedView.swift in Sources */,
				02B568B924C4FA8D004D5C6D /* ViewModel.swift in Sources */,
				02A966C2267AAE2D003899E0 /* URL+DeepLink.swift in Sources */,
				02272D7224C7A10A007548C3 /* MultilineTextField.swift in Sources */,
				0247E42E251D488A00E14DEB /* Persistence.swift in Sources */,
				029AE2F1267ECBA30022F813 /* TranscriptionViewModel.swift in Sources */,
				027094842505AF2D009E0BF5 /* TimeStamp.swift in Sources */,
				02DF72D8251826C6006FDC9E /* Date.swift in Sources */,
				0270948A2506AE36009E0BF5 /* DescriptionView.swift in Sources */,
				02272D7924C91FF7007548C3 /* ListenToView.swift in Sources */,
				02272D8324CA3CD6007548C3 /* Episode.swift in Sources */,
				02B568B724C4F299004D5C6D /* Podcast.swift in Sources */,
				0270947525030720009E0BF5 /* FavoritesViewController.swift in Sources */,
				02DE63B9251165DD002B307F /* ClipAlertView.swift in Sources */,
				02A95744267D13610068B1E4 /* GlobalConstants.swift in Sources */,
				02A966C4267C089D003899E0 /* AsyncImage.swift in Sources */,
				0224B56B24CBB7130062E43F /* LoquyListView.swift in Sources */,
				029955C824F339D200479318 /* ControlView.swift in Sources */,
				029955C624F32C0E00479318 /* CMTime.swift in Sources */,
				02B568AC24C4DD9D004D5C6D /* TranscribeView.swift in Sources */,
				0294B3662514365A0099EC54 /* CustomPicker.swift in Sources */,
				0270947E250403F9009E0BF5 /* UserDefaults.swift in Sources */,
				0247E43A251FDEF100E14DEB /* SaveLoquyAlertView.swift in Sources */,
				0226FCCA24D2300300B5B03A /* Loquy.swift in Sources */,
				02272D7F24C9FA69007548C3 /* ImageLoader.swift in Sources */,
				0224B56924CBB37A0062E43F /* PaletteColour.swift in Sources */,
				02272D7524C91E5F007548C3 /* LabelViews.swift in Sources */,
				0270948025054A75009E0BF5 /* AudioTrim.swift in Sources */,
				024F0D78250D758D002B4A5F /* PodcastPosterView.swift in Sources */,
				027094882506ADB5009E0BF5 /* EpisodeTimesView.swift in Sources */,
				0270947725030889009E0BF5 /* PodcastCell.swift in Sources */,
				0270947C25031152009E0BF5 /* FavoritesVCWrapper.swift in Sources */,
				0285E4EC2699086B005B863A /* DeepLinkViewModel.swift in Sources */,
				0270948225058952009E0BF5 /* TimeStampAlertView.swift in Sources */,
				0247E44F2520161600E14DEB /* CardPageView.swift in Sources */,
				02B5688524C4DBB6004D5C6D /* LoquyApp.xcdatamodeld in Sources */,
				02272D8524CA82EB007548C3 /* MoreCastsView.swift in Sources */,
				02DF72CF25181238006FDC9E /* AudioClip.swift in Sources */,
				02312056264D7C5E00A17E4B /* ShareView.swift in Sources */,
				02B568B124C4E3C9004D5C6D /* DummyPodcast.swift in Sources */,
				027094722502F39F009E0BF5 /* Player.swift in Sources */,
				0224B56D24CBB8F90062E43F /* AudioClipsView.swift in Sources */,
			);
			runOnlyForDeploymentPostprocessing = 0;
		};
		02B5689124C4DBBA004D5C6D /* Sources */ = {
			isa = PBXSourcesBuildPhase;
			buildActionMask = 2147483647;
			files = (
				02B5689A24C4DBBA004D5C6D /* LoquyAppTests.swift in Sources */,
			);
			runOnlyForDeploymentPostprocessing = 0;
		};
/* End PBXSourcesBuildPhase section */

/* Begin PBXTargetDependency section */
		02B5689724C4DBBA004D5C6D /* PBXTargetDependency */ = {
			isa = PBXTargetDependency;
			target = 02B5687B24C4DBB6004D5C6D /* LoquyApp */;
			targetProxy = 02B5689624C4DBBA004D5C6D /* PBXContainerItemProxy */;
		};
/* End PBXTargetDependency section */

/* Begin PBXVariantGroup section */
		02B5688D24C4DBBA004D5C6D /* LaunchScreen.storyboard */ = {
			isa = PBXVariantGroup;
			children = (
				02B5688E24C4DBBA004D5C6D /* Base */,
			);
			name = LaunchScreen.storyboard;
			sourceTree = "<group>";
		};
/* End PBXVariantGroup section */

/* Begin XCBuildConfiguration section */
		02B5689C24C4DBBA004D5C6D /* Debug */ = {
			isa = XCBuildConfiguration;
			buildSettings = {
				ALWAYS_SEARCH_USER_PATHS = NO;
				CLANG_ANALYZER_NONNULL = YES;
				CLANG_ANALYZER_NUMBER_OBJECT_CONVERSION = YES_AGGRESSIVE;
				CLANG_CXX_LANGUAGE_STANDARD = "gnu++14";
				CLANG_CXX_LIBRARY = "libc++";
				CLANG_ENABLE_MODULES = YES;
				CLANG_ENABLE_OBJC_ARC = YES;
				CLANG_ENABLE_OBJC_WEAK = YES;
				CLANG_WARN_BLOCK_CAPTURE_AUTORELEASING = YES;
				CLANG_WARN_BOOL_CONVERSION = YES;
				CLANG_WARN_COMMA = YES;
				CLANG_WARN_CONSTANT_CONVERSION = YES;
				CLANG_WARN_DEPRECATED_OBJC_IMPLEMENTATIONS = YES;
				CLANG_WARN_DIRECT_OBJC_ISA_USAGE = YES_ERROR;
				CLANG_WARN_DOCUMENTATION_COMMENTS = YES;
				CLANG_WARN_EMPTY_BODY = YES;
				CLANG_WARN_ENUM_CONVERSION = YES;
				CLANG_WARN_INFINITE_RECURSION = YES;
				CLANG_WARN_INT_CONVERSION = YES;
				CLANG_WARN_NON_LITERAL_NULL_CONVERSION = YES;
				CLANG_WARN_OBJC_IMPLICIT_RETAIN_SELF = YES;
				CLANG_WARN_OBJC_LITERAL_CONVERSION = YES;
				CLANG_WARN_OBJC_ROOT_CLASS = YES_ERROR;
				CLANG_WARN_QUOTED_INCLUDE_IN_FRAMEWORK_HEADER = YES;
				CLANG_WARN_RANGE_LOOP_ANALYSIS = YES;
				CLANG_WARN_STRICT_PROTOTYPES = YES;
				CLANG_WARN_SUSPICIOUS_MOVE = YES;
				CLANG_WARN_UNGUARDED_AVAILABILITY = YES_AGGRESSIVE;
				CLANG_WARN_UNREACHABLE_CODE = YES;
				CLANG_WARN__DUPLICATE_METHOD_MATCH = YES;
				COPY_PHASE_STRIP = NO;
				DEBUG_INFORMATION_FORMAT = dwarf;
				ENABLE_STRICT_OBJC_MSGSEND = YES;
				ENABLE_TESTABILITY = YES;
				GCC_C_LANGUAGE_STANDARD = gnu11;
				GCC_DYNAMIC_NO_PIC = NO;
				GCC_NO_COMMON_BLOCKS = YES;
				GCC_OPTIMIZATION_LEVEL = 0;
				GCC_PREPROCESSOR_DEFINITIONS = (
					"DEBUG=1",
					"$(inherited)",
				);
				GCC_WARN_64_TO_32_BIT_CONVERSION = YES;
				GCC_WARN_ABOUT_RETURN_TYPE = YES_ERROR;
				GCC_WARN_UNDECLARED_SELECTOR = YES;
				GCC_WARN_UNINITIALIZED_AUTOS = YES_AGGRESSIVE;
				GCC_WARN_UNUSED_FUNCTION = YES;
				GCC_WARN_UNUSED_VARIABLE = YES;
				IPHONEOS_DEPLOYMENT_TARGET = 14.1;
				MTL_ENABLE_DEBUG_INFO = INCLUDE_SOURCE;
				MTL_FAST_MATH = YES;
				ONLY_ACTIVE_ARCH = YES;
				SDKROOT = iphoneos;
				SWIFT_ACTIVE_COMPILATION_CONDITIONS = DEBUG;
				SWIFT_OPTIMIZATION_LEVEL = "-Onone";
			};
			name = Debug;
		};
		02B5689D24C4DBBA004D5C6D /* Release */ = {
			isa = XCBuildConfiguration;
			buildSettings = {
				ALWAYS_SEARCH_USER_PATHS = NO;
				CLANG_ANALYZER_NONNULL = YES;
				CLANG_ANALYZER_NUMBER_OBJECT_CONVERSION = YES_AGGRESSIVE;
				CLANG_CXX_LANGUAGE_STANDARD = "gnu++14";
				CLANG_CXX_LIBRARY = "libc++";
				CLANG_ENABLE_MODULES = YES;
				CLANG_ENABLE_OBJC_ARC = YES;
				CLANG_ENABLE_OBJC_WEAK = YES;
				CLANG_WARN_BLOCK_CAPTURE_AUTORELEASING = YES;
				CLANG_WARN_BOOL_CONVERSION = YES;
				CLANG_WARN_COMMA = YES;
				CLANG_WARN_CONSTANT_CONVERSION = YES;
				CLANG_WARN_DEPRECATED_OBJC_IMPLEMENTATIONS = YES;
				CLANG_WARN_DIRECT_OBJC_ISA_USAGE = YES_ERROR;
				CLANG_WARN_DOCUMENTATION_COMMENTS = YES;
				CLANG_WARN_EMPTY_BODY = YES;
				CLANG_WARN_ENUM_CONVERSION = YES;
				CLANG_WARN_INFINITE_RECURSION = YES;
				CLANG_WARN_INT_CONVERSION = YES;
				CLANG_WARN_NON_LITERAL_NULL_CONVERSION = YES;
				CLANG_WARN_OBJC_IMPLICIT_RETAIN_SELF = YES;
				CLANG_WARN_OBJC_LITERAL_CONVERSION = YES;
				CLANG_WARN_OBJC_ROOT_CLASS = YES_ERROR;
				CLANG_WARN_QUOTED_INCLUDE_IN_FRAMEWORK_HEADER = YES;
				CLANG_WARN_RANGE_LOOP_ANALYSIS = YES;
				CLANG_WARN_STRICT_PROTOTYPES = YES;
				CLANG_WARN_SUSPICIOUS_MOVE = YES;
				CLANG_WARN_UNGUARDED_AVAILABILITY = YES_AGGRESSIVE;
				CLANG_WARN_UNREACHABLE_CODE = YES;
				CLANG_WARN__DUPLICATE_METHOD_MATCH = YES;
				COPY_PHASE_STRIP = NO;
				DEBUG_INFORMATION_FORMAT = "dwarf-with-dsym";
				ENABLE_NS_ASSERTIONS = NO;
				ENABLE_STRICT_OBJC_MSGSEND = YES;
				GCC_C_LANGUAGE_STANDARD = gnu11;
				GCC_NO_COMMON_BLOCKS = YES;
				GCC_WARN_64_TO_32_BIT_CONVERSION = YES;
				GCC_WARN_ABOUT_RETURN_TYPE = YES_ERROR;
				GCC_WARN_UNDECLARED_SELECTOR = YES;
				GCC_WARN_UNINITIALIZED_AUTOS = YES_AGGRESSIVE;
				GCC_WARN_UNUSED_FUNCTION = YES;
				GCC_WARN_UNUSED_VARIABLE = YES;
				IPHONEOS_DEPLOYMENT_TARGET = 14.1;
				MTL_ENABLE_DEBUG_INFO = NO;
				MTL_FAST_MATH = YES;
				SDKROOT = iphoneos;
				SWIFT_COMPILATION_MODE = wholemodule;
				SWIFT_OPTIMIZATION_LEVEL = "-O";
				VALIDATE_PRODUCT = YES;
			};
			name = Release;
		};
		02B5689F24C4DBBA004D5C6D /* Debug */ = {
			isa = XCBuildConfiguration;
			baseConfigurationReference = D1229D105F70A75909EFB928 /* Pods-LoquyApp.debug.xcconfig */;
			buildSettings = {
				ASSETCATALOG_COMPILER_APPICON_NAME = AppIcon;
				CODE_SIGN_STYLE = Automatic;
				CURRENT_PROJECT_VERSION = 14;
				DEVELOPMENT_ASSET_PATHS = "\"LoquyApp/Preview Content\"";
				DEVELOPMENT_TEAM = 87F72Z6LFG;
				ENABLE_PREVIEWS = YES;
				INFOPLIST_FILE = LoquyApp/Info.plist;
				LD_RUNPATH_SEARCH_PATHS = (
					"$(inherited)",
					"@executable_path/Frameworks",
				);
				MARKETING_VERSION = 1.1;
				PRODUCT_BUNDLE_IDENTIFIER = com.kelbymittan.LoquyApp;
				PRODUCT_NAME = "$(TARGET_NAME)";
				SWIFT_VERSION = 5.0;
				TARGETED_DEVICE_FAMILY = 1;
			};
			name = Debug;
		};
		02B568A024C4DBBA004D5C6D /* Release */ = {
			isa = XCBuildConfiguration;
			baseConfigurationReference = 5A1FE38E8B88A97BC59B255E /* Pods-LoquyApp.release.xcconfig */;
			buildSettings = {
				ASSETCATALOG_COMPILER_APPICON_NAME = AppIcon;
				CODE_SIGN_STYLE = Automatic;
				CURRENT_PROJECT_VERSION = 14;
				DEVELOPMENT_ASSET_PATHS = "\"LoquyApp/Preview Content\"";
				DEVELOPMENT_TEAM = 87F72Z6LFG;
				ENABLE_PREVIEWS = YES;
				INFOPLIST_FILE = LoquyApp/Info.plist;
				LD_RUNPATH_SEARCH_PATHS = (
					"$(inherited)",
					"@executable_path/Frameworks",
				);
				MARKETING_VERSION = 1.1;
				PRODUCT_BUNDLE_IDENTIFIER = com.kelbymittan.LoquyApp;
				PRODUCT_NAME = "$(TARGET_NAME)";
				SWIFT_VERSION = 5.0;
				TARGETED_DEVICE_FAMILY = 1;
			};
			name = Release;
		};
		02B568A224C4DBBA004D5C6D /* Debug */ = {
			isa = XCBuildConfiguration;
			baseConfigurationReference = B0A995753634E9575B9368FC /* Pods-LoquyAppTests.debug.xcconfig */;
			buildSettings = {
				ALWAYS_EMBED_SWIFT_STANDARD_LIBRARIES = YES;
				BUNDLE_LOADER = "$(TEST_HOST)";
				CODE_SIGN_STYLE = Automatic;
				DEVELOPMENT_TEAM = 87F72Z6LFG;
				INFOPLIST_FILE = LoquyAppTests/Info.plist;
				IPHONEOS_DEPLOYMENT_TARGET = 13.6;
				LD_RUNPATH_SEARCH_PATHS = (
					"$(inherited)",
					"@executable_path/Frameworks",
					"@loader_path/Frameworks",
				);
				PRODUCT_BUNDLE_IDENTIFIER = com.kelbymittan.LoquyAppTests;
				PRODUCT_NAME = "$(TARGET_NAME)";
				SWIFT_VERSION = 5.0;
				TARGETED_DEVICE_FAMILY = "1,2";
				TEST_HOST = "$(BUILT_PRODUCTS_DIR)/LoquyApp.app/LoquyApp";
			};
			name = Debug;
		};
		02B568A324C4DBBA004D5C6D /* Release */ = {
			isa = XCBuildConfiguration;
			baseConfigurationReference = 5DBCD5426E03BF62E24E2304 /* Pods-LoquyAppTests.release.xcconfig */;
			buildSettings = {
				ALWAYS_EMBED_SWIFT_STANDARD_LIBRARIES = YES;
				BUNDLE_LOADER = "$(TEST_HOST)";
				CODE_SIGN_STYLE = Automatic;
				DEVELOPMENT_TEAM = 87F72Z6LFG;
				INFOPLIST_FILE = LoquyAppTests/Info.plist;
				IPHONEOS_DEPLOYMENT_TARGET = 13.6;
				LD_RUNPATH_SEARCH_PATHS = (
					"$(inherited)",
					"@executable_path/Frameworks",
					"@loader_path/Frameworks",
				);
				PRODUCT_BUNDLE_IDENTIFIER = com.kelbymittan.LoquyAppTests;
				PRODUCT_NAME = "$(TARGET_NAME)";
				SWIFT_VERSION = 5.0;
				TARGETED_DEVICE_FAMILY = "1,2";
				TEST_HOST = "$(BUILT_PRODUCTS_DIR)/LoquyApp.app/LoquyApp";
			};
			name = Release;
		};
/* End XCBuildConfiguration section */

/* Begin XCConfigurationList section */
		02B5687724C4DBB6004D5C6D /* Build configuration list for PBXProject "LoquyApp" */ = {
			isa = XCConfigurationList;
			buildConfigurations = (
				02B5689C24C4DBBA004D5C6D /* Debug */,
				02B5689D24C4DBBA004D5C6D /* Release */,
			);
			defaultConfigurationIsVisible = 0;
			defaultConfigurationName = Release;
		};
		02B5689E24C4DBBA004D5C6D /* Build configuration list for PBXNativeTarget "LoquyApp" */ = {
			isa = XCConfigurationList;
			buildConfigurations = (
				02B5689F24C4DBBA004D5C6D /* Debug */,
				02B568A024C4DBBA004D5C6D /* Release */,
			);
			defaultConfigurationIsVisible = 0;
			defaultConfigurationName = Release;
		};
		02B568A124C4DBBA004D5C6D /* Build configuration list for PBXNativeTarget "LoquyAppTests" */ = {
			isa = XCConfigurationList;
			buildConfigurations = (
				02B568A224C4DBBA004D5C6D /* Debug */,
				02B568A324C4DBBA004D5C6D /* Release */,
			);
			defaultConfigurationIsVisible = 0;
			defaultConfigurationName = Release;
		};
/* End XCConfigurationList section */

/* Begin XCRemoteSwiftPackageReference section */
		0247E426251D421300E14DEB /* XCRemoteSwiftPackageReference "DataPersistence" */ = {
			isa = XCRemoteSwiftPackageReference;
			repositoryURL = "https://github.com/alexpaul/DataPersistence";
			requirement = {
				kind = upToNextMajorVersion;
				minimumVersion = 1.1.0;
			};
		};
		0270947825030A3D009E0BF5 /* XCRemoteSwiftPackageReference "Kingfisher" */ = {
			isa = XCRemoteSwiftPackageReference;
			repositoryURL = "https://github.com/onevcat/Kingfisher";
			requirement = {
				kind = upToNextMajorVersion;
				minimumVersion = 5.15.0;
			};
		};
/* End XCRemoteSwiftPackageReference section */

/* Begin XCSwiftPackageProductDependency section */
		0247E427251D421300E14DEB /* DataPersistence */ = {
			isa = XCSwiftPackageProductDependency;
			package = 0247E426251D421300E14DEB /* XCRemoteSwiftPackageReference "DataPersistence" */;
			productName = DataPersistence;
		};
		0270947925030A3D009E0BF5 /* Kingfisher */ = {
			isa = XCSwiftPackageProductDependency;
			package = 0270947825030A3D009E0BF5 /* XCRemoteSwiftPackageReference "Kingfisher" */;
			productName = Kingfisher;
		};
/* End XCSwiftPackageProductDependency section */

/* Begin XCVersionGroup section */
		02B5688324C4DBB6004D5C6D /* LoquyApp.xcdatamodeld */ = {
			isa = XCVersionGroup;
			children = (
				02B5688424C4DBB6004D5C6D /* LoquyApp.xcdatamodel */,
			);
			currentVersion = 02B5688424C4DBB6004D5C6D /* LoquyApp.xcdatamodel */;
			path = LoquyApp.xcdatamodeld;
			sourceTree = "<group>";
			versionGroupType = wrapper.xcdatamodel;
		};
/* End XCVersionGroup section */
	};
	rootObject = 02B5687424C4DBB6004D5C6D /* Project object */;
}
