{
  "object": {
    "pins": [
      {
        "package": "DataPersistence",
        "repositoryURL": "https://github.com/alexpaul/DataPersistence",
        "state": {
          "branch": null,
          "revision": "69c4bc41c4185db8a200e486e22c666dbddaee17",
          "version": "1.1.0"
        }
      },
      {
        "package": "Kingfisher",
        "repositoryURL": "https://github.com/onevcat/Kingfisher",
        "state": {
          "branch": null,
          "revision": "644411854d1d4e019317839573b54f8707b0044b",
          "version": "5.15.0"
        }
      }
    ]
  },
  "version": 1
}
